
Microsoft Visual Studio Solution File, Format Version 12.00
# Visual Studio Version 16
VisualStudioVersion = 16.0.31205.134
MinimumVisualStudioVersion = 10.0.40219.1
Project("{9A19103F-16F7-4668-BE54-9A1E7A4F7556}") = "JKWatcher", "JKWatcher\JKWatcher.csproj", "{919E435B-6BF6-4469-A8C8-BAEB12B1FABE}"
EndProject
Project("{9A19103F-16F7-4668-BE54-9A1E7A4F7556}") = "JKClient", "JKClient\JKClient\JKClient.csproj", "{152A799E-A186-4040-A0AA-FE22445333DF}"
EndProject
Project("{9A19103F-16F7-4668-BE54-9A1E7A4F7556}") = "NetFieldsConverter", "NetFieldsConverter\NetFieldsConverter.csproj", "{5818E7B3-E0CE-4E94-9CB9-0133454FCBC7}"
EndProject
Project("{2150E333-8FDC-42A3-9474-1A3956D46DE8}") = "Solution Items", "Solution Items", "{4C92B75F-CF8D-4670-AAD4-9A4BF5D98E7C}"
	ProjectSection(SolutionItems) = preProject
		.editorconfig = .editorconfig
	EndProjectSection
EndProject
Global
	GlobalSection(SolutionConfigurationPlatforms) = preSolution
		Debug|Any CPU = Debug|Any CPU
		Release|Any CPU = Release|Any CPU
	EndGlobalSection
	GlobalSection(ProjectConfigurationPlatforms) = postSolution
		{919E435B-6BF6-4469-A8C8-BAEB12B1FABE}.Debug|Any CPU.ActiveCfg = Debug|Any CPU
		{919E435B-6BF6-4469-A8C8-BAEB12B1FABE}.Debug|Any CPU.Build.0 = Debug|Any CPU
		{919E435B-6BF6-4469-A8C8-BAEB12B1FABE}.Release|Any CPU.ActiveCfg = Release|Any CPU
		{919E435B-6BF6-4469-A8C8-BAEB12B1FABE}.Release|Any CPU.Build.0 = Release|Any CPU
		{152A799E-A186-4040-A0AA-FE22445333DF}.Debug|Any CPU.ActiveCfg = Debug|Any CPU
		{152A799E-A186-4040-A0AA-FE22445333DF}.Debug|Any CPU.Build.0 = Debug|Any CPU
		{152A799E-A186-4040-A0AA-FE22445333DF}.Release|Any CPU.ActiveCfg = Release|Any CPU
		{152A799E-A186-4040-A0AA-FE22445333DF}.Release|Any CPU.Build.0 = Release|Any CPU
		{5818E7B3-E0CE-4E94-9CB9-0133454FCBC7}.Debug|Any CPU.ActiveCfg = Debug|Any CPU
		{5818E7B3-E0CE-4E94-9CB9-0133454FCBC7}.Debug|Any CPU.Build.0 = Debug|Any CPU
		{5818E7B3-E0CE-4E94-9CB9-0133454FCBC7}.Release|Any CPU.ActiveCfg = Release|Any CPU
		{5818E7B3-E0CE-4E94-9CB9-0133454FCBC7}.Release|Any CPU.Build.0 = Release|Any CPU
	EndGlobalSection
	GlobalSection(SolutionProperties) = preSolution
		HideSolutionNode = FALSE
	EndGlobalSection
	GlobalSection(ExtensibilityGlobals) = postSolution
		SolutionGuid = {15C42D70-CC3F-4724-96FA-418809BBB35A}
	EndGlobalSection
EndGlobal
