
Microsoft Visual Studio Solution File, Format Version 12.00
# Visual Studio Version 16
VisualStudioVersion = 16.0.31205.134
MinimumVisualStudioVersion = 10.0.40219.1
Project("{9A19103F-16F7-4668-BE54-9A1E7A4F7556}") = "JKWatcher", "JKWatcher\JKWatcher.csproj", "{919E435B-6BF6-4469-A8C8-BAEB12B1FABE}"
	ProjectSection(ProjectDependencies) = postProject
		{70462B24-C812-43AA-8520-40D9E016BE89} = {70462B24-C812-43AA-8520-40D9E016BE89}
		{4AA25C4B-07CC-47F6-B882-8D4D35108530} = {4AA25C4B-07CC-47F6-B882-8D4D35108530}
	EndProjectSection
EndProject
Project("{9A19103F-16F7-4668-BE54-9A1E7A4F7556}") = "JKClient", "JKClient\JKClient\JKClient.csproj", "{152A799E-A186-4040-A0AA-FE22445333DF}"
EndProject
Project("{9A19103F-16F7-4668-BE54-9A1E7A4F7556}") = "NetFieldsConverter", "NetFieldsConverter\NetFieldsConverter.csproj", "{5818E7B3-E0CE-4E94-9CB9-0133454FCBC7}"
EndProject
Project("{2150E333-8FDC-42A3-9474-1A3956D46DE8}") = "Solution Items", "Solution Items", "{4C92B75F-CF8D-4670-AAD4-9A4BF5D98E7C}"
	ProjectSection(SolutionItems) = preProject
		.editorconfig = .editorconfig
	EndProjectSection
EndProject
Project("{8BC9CEB8-8B4A-11D0-8D11-00A0C91BC942}") = "NetFieldOverridesConverter", "NetFieldOverridesConverter\NetFieldOverridesConverter.vcxproj", "{736457ED-E457-4E56-9E69-67C9DCA8B3F0}"
EndProject
Project("{8BC9CEB8-8B4A-11D0-8D11-00A0C91BC942}") = "MagicNumbersHelper", "MagicNumbersHelper\MagicNumbersHelper.vcxproj", "{9ADFE536-5CBC-4AD3-A478-BA6EC6511959}"
EndProject
Project("{FAE04EC0-301F-11D3-BF4B-00C04F79EFBC}") = "DateTimePicker", "ext\WPF-Clock-Based-Date-Time-Picker\DateTimePicker\DateTimePicker.csproj", "{BB7ED3A8-C551-4279-8DDA-5F07F9CB82F9}"
EndProject
Project("{9A19103F-16F7-4668-BE54-9A1E7A4F7556}") = "Glicko2", "glicko2-csharp\Glicko2.csproj", "{70462B24-C812-43AA-8520-40D9E016BE89}"
EndProject
Project("{9A19103F-16F7-4668-BE54-9A1E7A4F7556}") = "Markov", "markov\Markov\Markov.csproj", "{4AA25C4B-07CC-47F6-B882-8D4D35108530}"
EndProject
Global
	GlobalSection(SolutionConfigurationPlatforms) = preSolution
		Debug|Any CPU = Debug|Any CPU
		Debug|x64 = Debug|x64
		Debug|x86 = Debug|x86
		Release|Any CPU = Release|Any CPU
		Release|x64 = Release|x64
		Release|x86 = Release|x86
	EndGlobalSection
	GlobalSection(ProjectConfigurationPlatforms) = postSolution
		{919E435B-6BF6-4469-A8C8-BAEB12B1FABE}.Debug|Any CPU.ActiveCfg = Debug|Any CPU
		{919E435B-6BF6-4469-A8C8-BAEB12B1FABE}.Debug|Any CPU.Build.0 = Debug|Any CPU
		{919E435B-6BF6-4469-A8C8-BAEB12B1FABE}.Debug|x64.ActiveCfg = Debug|Any CPU
		{919E435B-6BF6-4469-A8C8-BAEB12B1FABE}.Debug|x64.Build.0 = Debug|Any CPU
		{919E435B-6BF6-4469-A8C8-BAEB12B1FABE}.Debug|x86.ActiveCfg = Debug|Any CPU
		{919E435B-6BF6-4469-A8C8-BAEB12B1FABE}.Debug|x86.Build.0 = Debug|Any CPU
		{919E435B-6BF6-4469-A8C8-BAEB12B1FABE}.Release|Any CPU.ActiveCfg = Release|Any CPU
		{919E435B-6BF6-4469-A8C8-BAEB12B1FABE}.Release|Any CPU.Build.0 = Release|Any CPU
		{919E435B-6BF6-4469-A8C8-BAEB12B1FABE}.Release|x64.ActiveCfg = Release|Any CPU
		{919E435B-6BF6-4469-A8C8-BAEB12B1FABE}.Release|x64.Build.0 = Release|Any CPU
		{919E435B-6BF6-4469-A8C8-BAEB12B1FABE}.Release|x86.ActiveCfg = Release|Any CPU
		{919E435B-6BF6-4469-A8C8-BAEB12B1FABE}.Release|x86.Build.0 = Release|Any CPU
		{152A799E-A186-4040-A0AA-FE22445333DF}.Debug|Any CPU.ActiveCfg = Debug|Any CPU
		{152A799E-A186-4040-A0AA-FE22445333DF}.Debug|Any CPU.Build.0 = Debug|Any CPU
		{152A799E-A186-4040-A0AA-FE22445333DF}.Debug|x64.ActiveCfg = Debug|Any CPU
		{152A799E-A186-4040-A0AA-FE22445333DF}.Debug|x64.Build.0 = Debug|Any CPU
		{152A799E-A186-4040-A0AA-FE22445333DF}.Debug|x86.ActiveCfg = Debug|Any CPU
		{152A799E-A186-4040-A0AA-FE22445333DF}.Debug|x86.Build.0 = Debug|Any CPU
		{152A799E-A186-4040-A0AA-FE22445333DF}.Release|Any CPU.ActiveCfg = Release|Any CPU
		{152A799E-A186-4040-A0AA-FE22445333DF}.Release|Any CPU.Build.0 = Release|Any CPU
		{152A799E-A186-4040-A0AA-FE22445333DF}.Release|x64.ActiveCfg = Release|Any CPU
		{152A799E-A186-4040-A0AA-FE22445333DF}.Release|x64.Build.0 = Release|Any CPU
		{152A799E-A186-4040-A0AA-FE22445333DF}.Release|x86.ActiveCfg = Release|Any CPU
		{152A799E-A186-4040-A0AA-FE22445333DF}.Release|x86.Build.0 = Release|Any CPU
		{5818E7B3-E0CE-4E94-9CB9-0133454FCBC7}.Debug|Any CPU.ActiveCfg = Debug|Any CPU
		{5818E7B3-E0CE-4E94-9CB9-0133454FCBC7}.Debug|Any CPU.Build.0 = Debug|Any CPU
		{5818E7B3-E0CE-4E94-9CB9-0133454FCBC7}.Debug|x64.ActiveCfg = Debug|Any CPU
		{5818E7B3-E0CE-4E94-9CB9-0133454FCBC7}.Debug|x64.Build.0 = Debug|Any CPU
		{5818E7B3-E0CE-4E94-9CB9-0133454FCBC7}.Debug|x86.ActiveCfg = Debug|Any CPU
		{5818E7B3-E0CE-4E94-9CB9-0133454FCBC7}.Debug|x86.Build.0 = Debug|Any CPU
		{5818E7B3-E0CE-4E94-9CB9-0133454FCBC7}.Release|Any CPU.ActiveCfg = Release|Any CPU
		{5818E7B3-E0CE-4E94-9CB9-0133454FCBC7}.Release|Any CPU.Build.0 = Release|Any CPU
		{5818E7B3-E0CE-4E94-9CB9-0133454FCBC7}.Release|x64.ActiveCfg = Release|Any CPU
		{5818E7B3-E0CE-4E94-9CB9-0133454FCBC7}.Release|x64.Build.0 = Release|Any CPU
		{5818E7B3-E0CE-4E94-9CB9-0133454FCBC7}.Release|x86.ActiveCfg = Release|Any CPU
		{5818E7B3-E0CE-4E94-9CB9-0133454FCBC7}.Release|x86.Build.0 = Release|Any CPU
		{736457ED-E457-4E56-9E69-67C9DCA8B3F0}.Debug|Any CPU.ActiveCfg = Debug|Win32
		{736457ED-E457-4E56-9E69-67C9DCA8B3F0}.Debug|x64.ActiveCfg = Debug|x64
		{736457ED-E457-4E56-9E69-67C9DCA8B3F0}.Debug|x64.Build.0 = Debug|x64
		{736457ED-E457-4E56-9E69-67C9DCA8B3F0}.Debug|x86.ActiveCfg = Debug|Win32
		{736457ED-E457-4E56-9E69-67C9DCA8B3F0}.Debug|x86.Build.0 = Debug|Win32
		{736457ED-E457-4E56-9E69-67C9DCA8B3F0}.Release|Any CPU.ActiveCfg = Release|Win32
		{736457ED-E457-4E56-9E69-67C9DCA8B3F0}.Release|x64.ActiveCfg = Release|x64
		{736457ED-E457-4E56-9E69-67C9DCA8B3F0}.Release|x64.Build.0 = Release|x64
		{736457ED-E457-4E56-9E69-67C9DCA8B3F0}.Release|x86.ActiveCfg = Release|Win32
		{736457ED-E457-4E56-9E69-67C9DCA8B3F0}.Release|x86.Build.0 = Release|Win32
		{9ADFE536-5CBC-4AD3-A478-BA6EC6511959}.Debug|Any CPU.ActiveCfg = Debug|Win32
		{9ADFE536-5CBC-4AD3-A478-BA6EC6511959}.Debug|x64.ActiveCfg = Debug|x64
		{9ADFE536-5CBC-4AD3-A478-BA6EC6511959}.Debug|x64.Build.0 = Debug|x64
		{9ADFE536-5CBC-4AD3-A478-BA6EC6511959}.Debug|x86.ActiveCfg = Debug|Win32
		{9ADFE536-5CBC-4AD3-A478-BA6EC6511959}.Debug|x86.Build.0 = Debug|Win32
		{9ADFE536-5CBC-4AD3-A478-BA6EC6511959}.Release|Any CPU.ActiveCfg = Release|Win32
		{9ADFE536-5CBC-4AD3-A478-BA6EC6511959}.Release|x64.ActiveCfg = Release|x64
		{9ADFE536-5CBC-4AD3-A478-BA6EC6511959}.Release|x64.Build.0 = Release|x64
		{9ADFE536-5CBC-4AD3-A478-BA6EC6511959}.Release|x86.ActiveCfg = Release|Win32
		{9ADFE536-5CBC-4AD3-A478-BA6EC6511959}.Release|x86.Build.0 = Release|Win32
		{BB7ED3A8-C551-4279-8DDA-5F07F9CB82F9}.Debug|Any CPU.ActiveCfg = Debug|Any CPU
		{BB7ED3A8-C551-4279-8DDA-5F07F9CB82F9}.Debug|Any CPU.Build.0 = Debug|Any CPU
		{BB7ED3A8-C551-4279-8DDA-5F07F9CB82F9}.Debug|x64.ActiveCfg = Debug|Any CPU
		{BB7ED3A8-C551-4279-8DDA-5F07F9CB82F9}.Debug|x64.Build.0 = Debug|Any CPU
		{BB7ED3A8-C551-4279-8DDA-5F07F9CB82F9}.Debug|x86.ActiveCfg = Debug|Any CPU
		{BB7ED3A8-C551-4279-8DDA-5F07F9CB82F9}.Debug|x86.Build.0 = Debug|Any CPU
		{BB7ED3A8-C551-4279-8DDA-5F07F9CB82F9}.Release|Any CPU.ActiveCfg = Release|Any CPU
		{BB7ED3A8-C551-4279-8DDA-5F07F9CB82F9}.Release|Any CPU.Build.0 = Release|Any CPU
		{BB7ED3A8-C551-4279-8DDA-5F07F9CB82F9}.Release|x64.ActiveCfg = Release|Any CPU
		{BB7ED3A8-C551-4279-8DDA-5F07F9CB82F9}.Release|x64.Build.0 = Release|Any CPU
		{BB7ED3A8-C551-4279-8DDA-5F07F9CB82F9}.Release|x86.ActiveCfg = Release|Any CPU
		{BB7ED3A8-C551-4279-8DDA-5F07F9CB82F9}.Release|x86.Build.0 = Release|Any CPU
		{70462B24-C812-43AA-8520-40D9E016BE89}.Debug|Any CPU.ActiveCfg = Debug|Any CPU
		{70462B24-C812-43AA-8520-40D9E016BE89}.Debug|Any CPU.Build.0 = Debug|Any CPU
		{70462B24-C812-43AA-8520-40D9E016BE89}.Debug|x64.ActiveCfg = Debug|Any CPU
		{70462B24-C812-43AA-8520-40D9E016BE89}.Debug|x64.Build.0 = Debug|Any CPU
		{70462B24-C812-43AA-8520-40D9E016BE89}.Debug|x86.ActiveCfg = Debug|Any CPU
		{70462B24-C812-43AA-8520-40D9E016BE89}.Debug|x86.Build.0 = Debug|Any CPU
		{70462B24-C812-43AA-8520-40D9E016BE89}.Release|Any CPU.ActiveCfg = Release|Any CPU
		{70462B24-C812-43AA-8520-40D9E016BE89}.Release|Any CPU.Build.0 = Release|Any CPU
		{70462B24-C812-43AA-8520-40D9E016BE89}.Release|x64.ActiveCfg = Release|Any CPU
		{70462B24-C812-43AA-8520-40D9E016BE89}.Release|x64.Build.0 = Release|Any CPU
		{70462B24-C812-43AA-8520-40D9E016BE89}.Release|x86.ActiveCfg = Release|Any CPU
		{70462B24-C812-43AA-8520-40D9E016BE89}.Release|x86.Build.0 = Release|Any CPU
		{4AA25C4B-07CC-47F6-B882-8D4D35108530}.Debug|Any CPU.ActiveCfg = Debug|Any CPU
		{4AA25C4B-07CC-47F6-B882-8D4D35108530}.Debug|Any CPU.Build.0 = Debug|Any CPU
		{4AA25C4B-07CC-47F6-B882-8D4D35108530}.Debug|x64.ActiveCfg = Debug|Any CPU
		{4AA25C4B-07CC-47F6-B882-8D4D35108530}.Debug|x64.Build.0 = Debug|Any CPU
		{4AA25C4B-07CC-47F6-B882-8D4D35108530}.Debug|x86.ActiveCfg = Debug|Any CPU
		{4AA25C4B-07CC-47F6-B882-8D4D35108530}.Debug|x86.Build.0 = Debug|Any CPU
		{4AA25C4B-07CC-47F6-B882-8D4D35108530}.Release|Any CPU.ActiveCfg = Release|Any CPU
		{4AA25C4B-07CC-47F6-B882-8D4D35108530}.Release|Any CPU.Build.0 = Release|Any CPU
		{4AA25C4B-07CC-47F6-B882-8D4D35108530}.Release|x64.ActiveCfg = Release|Any CPU
		{4AA25C4B-07CC-47F6-B882-8D4D35108530}.Release|x64.Build.0 = Release|Any CPU
		{4AA25C4B-07CC-47F6-B882-8D4D35108530}.Release|x86.ActiveCfg = Release|Any CPU
		{4AA25C4B-07CC-47F6-B882-8D4D35108530}.Release|x86.Build.0 = Release|Any CPU
	EndGlobalSection
	GlobalSection(SolutionProperties) = preSolution
		HideSolutionNode = FALSE
	EndGlobalSection
	GlobalSection(ExtensibilityGlobals) = postSolution
		SolutionGuid = {15C42D70-CC3F-4724-96FA-418809BBB35A}
	EndGlobalSection
EndGlobal
